
Microsoft Visual Studio Solution File, Format Version 12.00
# Visual Studio Version 17
VisualStudioVersion = 17.3.32929.385
MinimumVisualStudioVersion = 10.0.40219.1
Project("{FAE04EC0-301F-11D3-BF4B-00C04F79EFBC}") = "WebUITests", "WebUIHT\WebUITests.csproj", "{05359E53-F0D6-41D0-BCB6-12CBE7704E8B}"
EndProject
Project("{FAE04EC0-301F-11D3-BF4B-00C04F79EFBC}") = "WebUI.TestFramework", "WebUI.TestFramework\WebUI.TestFramework.csproj", "{4FB0F079-3417-4FCD-818F-914B4BF72C2D}"
EndProject
Global
	GlobalSection(SolutionConfigurationPlatforms) = preSolution
		Debug|Any CPU = Debug|Any CPU
		Release|Any CPU = Release|Any CPU
	EndGlobalSection
	GlobalSection(ProjectConfigurationPlatforms) = postSolution
		{05359E53-F0D6-41D0-BCB6-12CBE7704E8B}.Debug|Any CPU.ActiveCfg = Debug|Any CPU
		{05359E53-F0D6-41D0-BCB6-12CBE7704E8B}.Debug|Any CPU.Build.0 = Debug|Any CPU
		{05359E53-F0D6-41D0-BCB6-12CBE7704E8B}.Release|Any CPU.ActiveCfg = Release|Any CPU
		{05359E53-F0D6-41D0-BCB6-12CBE7704E8B}.Release|Any CPU.Build.0 = Release|Any CPU
		{4FB0F079-3417-4FCD-818F-914B4BF72C2D}.Debug|Any CPU.ActiveCfg = Debug|Any CPU
		{4FB0F079-3417-4FCD-818F-914B4BF72C2D}.Debug|Any CPU.Build.0 = Debug|Any CPU
		{4FB0F079-3417-4FCD-818F-914B4BF72C2D}.Release|Any CPU.ActiveCfg = Release|Any CPU
		{4FB0F079-3417-4FCD-818F-914B4BF72C2D}.Release|Any CPU.Build.0 = Release|Any CPU
	EndGlobalSection
	GlobalSection(SolutionProperties) = preSolution
		HideSolutionNode = FALSE
	EndGlobalSection
	GlobalSection(ExtensibilityGlobals) = postSolution
		SolutionGuid = {0E72BC3D-D226-4D4E-A3AD-114E3316A488}
	EndGlobalSection
EndGlobal
